
Microsoft Visual Studio Solution File, Format Version 12.00
# Visual Studio Version 16
VisualStudioVersion = 25.0.1703.0
MinimumVisualStudioVersion = 10.0.40219.1
Project("{FAE04EC0-301F-11D3-BF4B-00C04F79EFBC}") = "RestApiServer", "RestApiServer.csproj", "{AA87F99E-1465-4FC3-9E0C-416F7263CDBA}"
EndProject
Global
	GlobalSection(SolutionConfigurationPlatforms) = preSolution
		Debug|Any CPU = Debug|Any CPU
		Release|Any CPU = Release|Any CPU
	EndGlobalSection
	GlobalSection(ProjectConfigurationPlatforms) = postSolution
		{AA87F99E-1465-4FC3-9E0C-416F7263CDBA}.Debug|Any CPU.ActiveCfg = Debug|Any CPU
		{AA87F99E-1465-4FC3-9E0C-416F7263CDBA}.Debug|Any CPU.Build.0 = Debug|Any CPU
		{AA87F99E-1465-4FC3-9E0C-416F7263CDBA}.Release|Any CPU.ActiveCfg = Release|Any CPU
		{AA87F99E-1465-4FC3-9E0C-416F7263CDBA}.Release|Any CPU.Build.0 = Release|Any CPU
	EndGlobalSection
	GlobalSection(SolutionProperties) = preSolution
		HideSolutionNode = FALSE
	EndGlobalSection
	GlobalSection(ExtensibilityGlobals) = postSolution
		SolutionGuid = {1083E14F-D2BE-4083-8666-88453F88AC81}
	EndGlobalSection
EndGlobal
